{
    "version": 3,
    "terraform_version": "0.11.7",
    "serial": 11,
    "lineage": "04cd23e5-12b9-eeb6-53fc-5e806ae8075e",
    "modules": [
        {
            "path": [
                "root"
            ],
            "outputs": {},
            "resources": {
                "digitalocean_droplet.devops.0": {
                    "type": "digitalocean_droplet",
                    "depends_on": [],
                    "primary": {
                        "id": "89728994",
                        "attributes": {
                            "disk": "20",
                            "id": "89728994",
                            "image": "33471721",
                            "ipv4_address": "167.99.4.20",
                            "locked": "false",
                            "name": "devops",
                            "price_hourly": "0.00744",
                            "price_monthly": "5",
                            "region": "nyc1",
                            "resize_disk": "true",
                            "size": "512mb",
                            "ssh_keys.#": "1",
                            "ssh_keys.0": "19927153",
                            "status": "active",
                            "tags.#": "1",
                            "tags.0": "devops",
                            "user_data": "#cloud-config\ncoreos:\n    units:\n        - name: \"devops.service\"\n          command: \"start\"\n          content: |\n            [Unit]\n            Description=devops\n            After=docker.service\n\n            [Service]\n            ExecStart=/usr/bin/docker run -d -p 3000:3000 devops\n    ",
                            "vcpus": "1"
                        },
                        "meta": {},
                        "tainted": false
                    },
                    "deposed": [],
                    "provider": "provider.digitalocean"
                },
                "digitalocean_droplet.devops.1": {
                    "type": "digitalocean_droplet",
                    "depends_on": [],
                    "primary": {
                        "id": "89728993",
                        "attributes": {
                            "disk": "20",
                            "id": "89728993",
                            "image": "33471721",
                            "ipv4_address": "159.89.234.215",
                            "locked": "false",
                            "name": "devops",
                            "price_hourly": "0.00744",
                            "price_monthly": "5",
                            "region": "nyc1",
                            "resize_disk": "true",
                            "size": "512mb",
                            "ssh_keys.#": "1",
                            "ssh_keys.0": "19927153",
                            "status": "active",
                            "tags.#": "1",
                            "tags.0": "devops",
                            "user_data": "#cloud-config\ncoreos:\n    units:\n        - name: \"devops.service\"\n          command: \"start\"\n          content: |\n            [Unit]\n            Description=devops\n            After=docker.service\n\n            [Service]\n            ExecStart=/usr/bin/docker run -d -p 3000:3000 devops\n    ",
                            "vcpus": "1"
                        },
                        "meta": {},
                        "tainted": false
                    },
                    "deposed": [],
                    "provider": "provider.digitalocean"
                },
                "digitalocean_loadbalancer.devops": {
                    "type": "digitalocean_loadbalancer",
                    "depends_on": [
                        "digitalocean_tag.devops"
                    ],
                    "primary": {
                        "id": "34f63390-bf9f-492b-a99d-73c4789f6d3a",
                        "attributes": {
                            "algorithm": "round_robin",
                            "droplet_tag": "devops",
                            "forwarding_rule.#": "1",
                            "forwarding_rule.0.certificate_id": "",
                            "forwarding_rule.0.entry_port": "80",
                            "forwarding_rule.0.entry_protocol": "http",
                            "forwarding_rule.0.target_port": "3000",
                            "forwarding_rule.0.target_protocol": "http",
                            "forwarding_rule.0.tls_passthrough": "false",
                            "healthcheck.#": "1",
                            "healthcheck.0.check_interval_seconds": "10",
                            "healthcheck.0.healthy_threshold": "5",
                            "healthcheck.0.path": "/",
                            "healthcheck.0.port": "3000",
                            "healthcheck.0.protocol": "http",
                            "healthcheck.0.response_timeout_seconds": "5",
                            "healthcheck.0.unhealthy_threshold": "3",
                            "id": "34f63390-bf9f-492b-a99d-73c4789f6d3a",
                            "ip": "165.227.252.139",
                            "name": "devops-lb",
                            "redirect_http_to_https": "false",
                            "region": "nyc1",
                            "sticky_sessions.#": "1",
                            "sticky_sessions.0.cookie_name": "",
                            "sticky_sessions.0.cookie_ttl_seconds": "0",
                            "sticky_sessions.0.type": "none"
                        },
                        "meta": {},
                        "tainted": false
                    },
                    "deposed": [],
                    "provider": "provider.digitalocean"
                },
                "digitalocean_tag.devops": {
                    "type": "digitalocean_tag",
                    "depends_on": [],
                    "primary": {
                        "id": "devops",
                        "attributes": {
                            "id": "devops",
                            "name": "devops"
                        },
                        "meta": {},
                        "tainted": false
                    },
                    "deposed": [],
                    "provider": "provider.digitalocean"
                }
            },
            "depends_on": []
        }
    ]
}
