{
    "version": 3,
    "terraform_version": "0.11.7",
    "serial": 2,
    "lineage": "04cd23e5-12b9-eeb6-53fc-5e806ae8075e",
    "modules": [
        {
            "path": [
                "root"
            ],
            "outputs": {},
            "resources": {
                "digitalocean_droplet.devops": {
                    "type": "digitalocean_droplet",
                    "depends_on": [
                        "digitalocean_tag.devops"
                    ],
                    "primary": {
                        "id": "89382218",
                        "attributes": {
                            "disk": "20",
                            "id": "89382218",
                            "image": "33397121",
                            "ipv4_address": "167.99.159.203",
                            "locked": "false",
                            "name": "devops",
                            "price_hourly": "0.00744",
                            "price_monthly": "5",
                            "region": "nyc1",
                            "resize_disk": "true",
                            "size": "512mb",
                            "ssh_keys.#": "1",
                            "ssh_keys.0": "19927153",
                            "status": "active",
                            "tags.#": "1",
                            "tags.0": "devops",
                            "user_data": "#cloud-config\ncoreos:\n    units:\n        - name: \"devops.service\"\n          command: \"start\"\n          content: |\n            [Unit]\n            Description=devops\n            After=docker.service\n\n            [Service]\n            ExecStart=/usr/bin/docker run -d -p 3000:3000 devops\n    ",
                            "vcpus": "1"
                        },
                        "meta": {},
                        "tainted": false
                    },
                    "deposed": [],
                    "provider": "provider.digitalocean"
                },
                "digitalocean_tag.devops": {
                    "type": "digitalocean_tag",
                    "depends_on": [],
                    "primary": {
                        "id": "devops",
                        "attributes": {
                            "id": "devops",
                            "name": "devops"
                        },
                        "meta": {},
                        "tainted": false
                    },
                    "deposed": [],
                    "provider": "provider.digitalocean"
                }
            },
            "depends_on": []
        }
    ]
}
